# Copyright (C) 1991-2005 Altera Corporation
# Your use of Altera Corporation's design tools, logic functions 
# and other software and tools, and its AMPP partner logic       
# functions, and any output files any of the foregoing           
# (including device programming or simulation files), and any    
# associated documentation or information are expressly subject  
# to the terms and conditions of the Altera Program License      
# Subscription Agreement, Altera MegaCore Function License       
# Agreement, or other applicable license agreement, including,   
# without limitation, that your use is for the sole purpose of   
# programming logic devices manufactured by Altera and sold by   
# Altera or its authorized distributors.  Please refer to the    
# applicable agreement for further details.


# The default values for assignments are stored in the file
#		nios2_quartus2_project_assignment_defaults.qdf
# If this file doesn't exist, and for assignments not listed, see file
#		assignment_defaults.qdf

# Altera recommends that you do not modify this file. This
# file is updated automatically by the Quartus II software
# and any changes you make may be lost or overwritten.


# Project-Wide Assignments
# ========================
set_global_assignment -name SMART_RECOMPILE ON
set_global_assignment -name ORIGINAL_QUARTUS_VERSION 5.0
set_global_assignment -name PROJECT_CREATION_TIME_DATE "08:30:26  DECEMBER 11, 2004"
set_global_assignment -name LAST_QUARTUS_VERSION "13.0 SP1"
set_parameter -name MRAM_BYTEENA_LATCH ON

# Pin & Location Assignments
# ==========================




# Analysis & Synthesis Assignments
# ================================
set_global_assignment -name EDA_DESIGN_ENTRY_SYNTHESIS_TOOL "<None>"
set_global_assignment -name FAMILY "Cyclone II"
set_global_assignment -name TOP_LEVEL_ENTITY nios2_quartus2_project

# Fitter Assignments
# ==================
set_global_assignment -name DEVICE EP2C35F672C6
set_global_assignment -name STRATIX_CONFIGURATION_SCHEME "FAST PASSIVE PARALLEL"
set_global_assignment -name RESERVE_DATA0_AFTER_CONFIGURATION "USE AS REGULAR IO"

# Assembler Assignments
# =====================
set_global_assignment -name GENERATE_TTF_FILE ON

# LogicLock Region Assignments
# ============================

# ---------------------------------------------
# start EDA_TOOL_SETTINGS(eda_design_synthesis)

	# Analysis & Synthesis Assignments
	# ================================

# end EDA_TOOL_SETTINGS(eda_design_synthesis)
# -------------------------------------------

set_global_assignment -name USE_CONFIGURATION_DEVICE ON
set_global_assignment -name STRATIX_DEVICE_IO_STANDARD "1.8 V"
set_global_assignment -name MIN_CORE_JUNCTION_TEMP 0
set_global_assignment -name MAX_CORE_JUNCTION_TEMP 85
set_global_assignment -name PARTITION_NETLIST_TYPE SOURCE -section_id Top
set_global_assignment -name PARTITION_FITTER_PRESERVATION_LEVEL PLACEMENT_AND_ROUTING -section_id Top
set_global_assignment -name PARTITION_COLOR 16764057 -section_id Top
set_location_assignment PIN_N2 -to PLD_CLOCKINPUT
set_instance_assignment -name IO_STANDARD "3.3-V LVTTL" -to PLD_CLOCKINPUT
set_location_assignment PIN_Y18 -to LEDG[7]
set_location_assignment PIN_AA20 -to LEDG[6]
set_location_assignment PIN_U17 -to LEDG[5]
set_location_assignment PIN_U18 -to LEDG[4]
set_location_assignment PIN_V18 -to LEDG[3]
set_location_assignment PIN_W19 -to LEDG[2]
set_location_assignment PIN_AF22 -to LEDG[1]
set_location_assignment PIN_AE22 -to LEDG[0]
set_instance_assignment -name IO_STANDARD "3.3-V LVTTL" -to LEDG[7]
set_instance_assignment -name IO_STANDARD "3.3-V LVTTL" -to LEDG[6]
set_instance_assignment -name IO_STANDARD "3.3-V LVTTL" -to LEDG[5]
set_instance_assignment -name IO_STANDARD "3.3-V LVTTL" -to LEDG[4]
set_instance_assignment -name IO_STANDARD "3.3-V LVTTL" -to LEDG[3]
set_instance_assignment -name IO_STANDARD "3.3-V LVTTL" -to LEDG[2]
set_instance_assignment -name IO_STANDARD "3.3-V LVTTL" -to LEDG[1]
set_instance_assignment -name IO_STANDARD "3.3-V LVTTL" -to LEDG[0]
set_global_assignment -name RESERVE_ALL_UNUSED_PINS "AS INPUT TRI-STATED WITH WEAK PULL-UP"
set_global_assignment -name SDC_FILE hw_dev_tutorial.sdc
set_global_assignment -name QIP_FILE first_nios2_system/synthesis/first_nios2_system.qip
set_global_assignment -name BDF_FILE nios2_quartus2_project.bdf
set_global_assignment -name POWER_PRESET_COOLING_SOLUTION "23 MM HEAT SINK WITH 200 LFPM AIRFLOW"
set_global_assignment -name POWER_BOARD_THERMAL_MODEL "NONE (CONSERVATIVE)"
set_location_assignment PIN_AC8 -to SRAM_ADDR[17]
set_location_assignment PIN_AB8 -to SRAM_ADDR[16]
set_location_assignment PIN_Y10 -to SRAM_ADDR[15]
set_location_assignment PIN_W10 -to SRAM_ADDR[14]
set_location_assignment PIN_W8 -to SRAM_ADDR[13]
set_location_assignment PIN_AC7 -to SRAM_ADDR[12]
set_location_assignment PIN_V9 -to SRAM_ADDR[11]
set_location_assignment PIN_V10 -to SRAM_ADDR[10]
set_location_assignment PIN_AD7 -to SRAM_ADDR[9]
set_location_assignment PIN_AD6 -to SRAM_ADDR[8]
set_location_assignment PIN_AF5 -to SRAM_ADDR[7]
set_location_assignment PIN_AE5 -to SRAM_ADDR[6]
set_location_assignment PIN_AD5 -to SRAM_ADDR[5]
set_location_assignment PIN_AD4 -to SRAM_ADDR[4]
set_location_assignment PIN_AC6 -to SRAM_ADDR[3]
set_location_assignment PIN_AC5 -to SRAM_ADDR[2]
set_location_assignment PIN_AF4 -to SRAM_ADDR[1]
set_location_assignment PIN_AE4 -to SRAM_ADDR[0]
set_location_assignment PIN_AC10 -to SRAM_DQ[15]
set_location_assignment PIN_AC9 -to SRAM_DQ[14]
set_location_assignment PIN_W12 -to SRAM_DQ[13]
set_location_assignment PIN_W11 -to SRAM_DQ[12]
set_location_assignment PIN_AF8 -to SRAM_DQ[11]
set_location_assignment PIN_AE8 -to SRAM_DQ[10]
set_location_assignment PIN_AF7 -to SRAM_DQ[9]
set_location_assignment PIN_AE7 -to SRAM_DQ[8]
set_location_assignment PIN_Y11 -to SRAM_DQ[7]
set_location_assignment PIN_AA11 -to SRAM_DQ[6]
set_location_assignment PIN_AB10 -to SRAM_DQ[5]
set_location_assignment PIN_AA10 -to SRAM_DQ[4]
set_location_assignment PIN_AA9 -to SRAM_DQ[3]
set_location_assignment PIN_AF6 -to SRAM_DQ[2]
set_location_assignment PIN_AE6 -to SRAM_DQ[1]
set_location_assignment PIN_AD8 -to SRAM_DQ[0]
set_location_assignment PIN_AE10 -to SRAM_WE_N
set_location_assignment PIN_AD10 -to SRAM_OE_N
set_location_assignment PIN_AF9 -to SRAM_UB_N
set_location_assignment PIN_AE9 -to SRAM_LB_N
set_location_assignment PIN_AC11 -to SRAM_CE_N
set_location_assignment PIN_V5 -to DRAM_ADDR[11]
set_location_assignment PIN_Y1 -to DRAM_ADDR[10]
set_location_assignment PIN_W3 -to DRAM_ADDR[9]
set_location_assignment PIN_W4 -to DRAM_ADDR[8]
set_location_assignment PIN_U5 -to DRAM_ADDR[7]
set_location_assignment PIN_U7 -to DRAM_ADDR[6]
set_location_assignment PIN_U6 -to DRAM_ADDR[5]
set_location_assignment PIN_W1 -to DRAM_ADDR[4]
set_location_assignment PIN_W2 -to DRAM_ADDR[3]
set_location_assignment PIN_V3 -to DRAM_ADDR[2]
set_location_assignment PIN_V4 -to DRAM_ADDR[1]
set_location_assignment PIN_T6 -to DRAM_ADDR[0]
set_location_assignment PIN_AB3 -to DRAM_CAS_N
set_location_assignment PIN_AA6 -to DRAM_CKE
set_location_assignment PIN_AA7 -to DRAM_CLK
set_location_assignment PIN_AC3 -to DRAM_CS_N
set_location_assignment PIN_AA5 -to DRAM_DQ[15]
set_location_assignment PIN_AC1 -to DRAM_DQ[14]
set_location_assignment PIN_AC2 -to DRAM_DQ[13]
set_location_assignment PIN_AA3 -to DRAM_DQ[12]
set_location_assignment PIN_AA4 -to DRAM_DQ[11]
set_location_assignment PIN_AB1 -to DRAM_DQ[10]
set_location_assignment PIN_AB2 -to DRAM_DQ[9]
set_location_assignment PIN_W6 -to DRAM_DQ[8]
set_location_assignment PIN_V7 -to DRAM_DQ[7]
set_location_assignment PIN_T8 -to DRAM_DQ[6]
set_location_assignment PIN_R8 -to DRAM_DQ[5]
set_location_assignment PIN_Y4 -to DRAM_DQ[4]
set_location_assignment PIN_Y3 -to DRAM_DQ[3]
set_location_assignment PIN_AA1 -to DRAM_DQ[2]
set_location_assignment PIN_AA2 -to DRAM_DQ[1]
set_location_assignment PIN_V6 -to DRAM_DQ[0]
set_location_assignment PIN_AB4 -to DRAM_RAS_N
set_location_assignment PIN_AD3 -to DRAM_WE_N
set_location_assignment PIN_AE2 -to DRAM_BA[0]
set_location_assignment PIN_AE3 -to DRAM_BA[1]
set_location_assignment PIN_Y5 -to DRAM_DQM[1]
set_location_assignment PIN_AD2 -to DRAM_DQM[0]
set_instance_assignment -name PARTITION_HIERARCHY root_partition -to | -section_id Top